github.com/allegro/bigcache/v3 v3.1.0 h1:H2Vp8VOvxcrB91o86fUSVJFqeuz8kpyyB02eH3bSzwk=
github.com/allegro/bigcache/v3 v3.1.0/go.mod h1:aPyh7jEvrog9zAwx5N7+JUQX5dZTSGpxF1LAR4dr35I=
github.com/cespare/xxhash/v2 v2.1.2 h1:YRXhKfTDauu4ajMg1TPgFO5jnlC2HCbmLXMcTG5cbYE=
github.com/cespare/xxhash/v2 v2.1.2/go.mod h1:VGX0DQ3Q6kWi7AoAeZDth3/j3BFtOZR5XLFGgcrjCOs=
github.com/coocood/freecache v1.2.7 h1:IDP0x1Yg8sgRmsSWzFyhaB+amYJpKS7v5QIXNHxXvM8=
github.com/coocood/freecache v1.2.7/go.mod h1:+Ga2+A5/0D6MMistGuoeKZaZucAGZ56u+fYKiY+xqNA=
